
Microsoft Visual Studio Solution File, Format Version 12.00
# Visual Studio Version 16
VisualStudioVersion = 16.0.810.11
MinimumVisualStudioVersion = 10.0.40219.1
Project("{FAE04EC0-301F-11D3-BF4B-00C04F79EFBC}") = "benchmark-mongo-guid-objectid", "benchmark-mongo-guid-objectid.csproj", "{C6BC1A84-BA68-41DE-BAC1-126427DE6A68}"
EndProject
Global
	GlobalSection(SolutionConfigurationPlatforms) = preSolution
		Debug|Any CPU = Debug|Any CPU
		Release|Any CPU = Release|Any CPU
	EndGlobalSection
	GlobalSection(ProjectConfigurationPlatforms) = postSolution
		{C6BC1A84-BA68-41DE-BAC1-126427DE6A68}.Debug|Any CPU.ActiveCfg = Debug|Any CPU
		{C6BC1A84-BA68-41DE-BAC1-126427DE6A68}.Debug|Any CPU.Build.0 = Debug|Any CPU
		{C6BC1A84-BA68-41DE-BAC1-126427DE6A68}.Release|Any CPU.ActiveCfg = Release|Any CPU
		{C6BC1A84-BA68-41DE-BAC1-126427DE6A68}.Release|Any CPU.Build.0 = Release|Any CPU
	EndGlobalSection
	GlobalSection(SolutionProperties) = preSolution
		HideSolutionNode = FALSE
	EndGlobalSection
	GlobalSection(ExtensibilityGlobals) = postSolution
		SolutionGuid = {490A81FA-FCA1-4BC9-87D2-D16EAC8B728F}
	EndGlobalSection
EndGlobal
